// !$*UTF8*$!
{
	archiveVersion = 1;
	classes = {
	};
	objectVersion = 50;
	objects = {

/* Begin PBXBuildFile section */
		30674C44245ABB3400333BE9 /* AppDelegate.m in Sources */ = {isa = PBXBuildFile; fileRef = 30674C43245ABB3400333BE9 /* AppDelegate.m */; };
		30674C47245ABB3400333BE9 /* SceneDelegate.m in Sources */ = {isa = PBXBuildFile; fileRef = 30674C46245ABB3400333BE9 /* SceneDelegate.m */; };
		30674C4A245ABB3400333BE9 /* ViewController.m in Sources */ = {isa = PBXBuildFile; fileRef = 30674C49245ABB3400333BE9 /* ViewController.m */; };
		30674C4D245ABB3400333BE9 /* Main.storyboard in Resources */ = {isa = PBXBuildFile; fileRef = 30674C4B245ABB3400333BE9 /* Main.storyboard */; };
		30674C4F245ABB3500333BE9 /* Assets.xcassets in Resources */ = {isa = PBXBuildFile; fileRef = 30674C4E245ABB3500333BE9 /* Assets.xcassets */; };
		30674C52245ABB3500333BE9 /* LaunchScreen.storyboard in Resources */ = {isa = PBXBuildFile; fileRef = 30674C50245ABB3500333BE9 /* LaunchScreen.storyboard */; };
		30674C55245ABB3500333BE9 /* main.m in Sources */ = {isa = PBXBuildFile; fileRef = 30674C54245ABB3500333BE9 /* main.m */; };
		30674C5F245ABB3500333BE9 /* CAA_CategoryTests.m in Sources */ = {isa = PBXBuildFile; fileRef = 30674C5E245ABB3500333BE9 /* CAA_CategoryTests.m */; };
		30674C6A245ABB3500333BE9 /* CAA_CategoryUITests.m in Sources */ = {isa = PBXBuildFile; fileRef = 30674C69245ABB3500333BE9 /* CAA_CategoryUITests.m */; };
		D42F4F421CEAA0BAFE4FCF74 /* Pods_CAA_Category.framework in Frameworks */ = {isa = PBXBuildFile; fileRef = 86C1A404CEA41385ED531012 /* Pods_CAA_Category.framework */; };
/* End PBXBuildFile section */

/* Begin PBXContainerItemProxy section */
		30674C5B245ABB3500333BE9 /* PBXContainerItemProxy */ = {
			isa = PBXContainerItemProxy;
			containerPortal = 30674C37245ABB3400333BE9 /* Project object */;
			proxyType = 1;
			remoteGlobalIDString = 30674C3E245ABB3400333BE9;
			remoteInfo = CAA_Category;
		};
		30674C66245ABB3500333BE9 /* PBXContainerItemProxy */ = {
			isa = PBXContainerItemProxy;
			containerPortal = 30674C37245ABB3400333BE9 /* Project object */;
			proxyType = 1;
			remoteGlobalIDString = 30674C3E245ABB3400333BE9;
			remoteInfo = CAA_Category;
		};
/* End PBXContainerItemProxy section */

/* Begin PBXFileReference section */
		30674C3F245ABB3400333BE9 /* CAA_Category.app */ = {isa = PBXFileReference; explicitFileType = wrapper.application; includeInIndex = 0; path = CAA_Category.app; sourceTree = BUILT_PRODUCTS_DIR; };
		30674C42245ABB3400333BE9 /* AppDelegate.h */ = {isa = PBXFileReference; lastKnownFileType = sourcecode.c.h; path = AppDelegate.h; sourceTree = "<group>"; };
		30674C43245ABB3400333BE9 /* AppDelegate.m */ = {isa = PBXFileReference; lastKnownFileType = sourcecode.c.objc; path = AppDelegate.m; sourceTree = "<group>"; };
		30674C45245ABB3400333BE9 /* SceneDelegate.h */ = {isa = PBXFileReference; lastKnownFileType = sourcecode.c.h; path = SceneDelegate.h; sourceTree = "<group>"; };
		30674C46245ABB3400333BE9 /* SceneDelegate.m */ = {isa = PBXFileReference; lastKnownFileType = sourcecode.c.objc; path = SceneDelegate.m; sourceTree = "<group>"; };
		30674C48245ABB3400333BE9 /* ViewController.h */ = {isa = PBXFileReference; lastKnownFileType = sourcecode.c.h; path = ViewController.h; sourceTree = "<group>"; };
		30674C49245ABB3400333BE9 /* ViewController.m */ = {isa = PBXFileReference; lastKnownFileType = sourcecode.c.objc; path = ViewController.m; sourceTree = "<group>"; };
		30674C4C245ABB3400333BE9 /* Base */ = {isa = PBXFileReference; lastKnownFileType = file.storyboard; name = Base; path = Base.lproj/Main.storyboard; sourceTree = "<group>"; };
		30674C4E245ABB3500333BE9 /* Assets.xcassets */ = {isa = PBXFileReference; lastKnownFileType = folder.assetcatalog; path = Assets.xcassets; sourceTree = "<group>"; };
		30674C51245ABB3500333BE9 /* Base */ = {isa = PBXFileReference; lastKnownFileType = file.storyboard; name = Base; path = Base.lproj/LaunchScreen.storyboard; sourceTree = "<group>"; };
		30674C53245ABB3500333BE9 /* Info.plist */ = {isa = PBXFileReference; lastKnownFileType = text.plist.xml; path = Info.plist; sourceTree = "<group>"; };
		30674C54245ABB3500333BE9 /* main.m */ = {isa = PBXFileReference; lastKnownFileType = sourcecode.c.objc; path = main.m; sourceTree = "<group>"; };
		30674C5A245ABB3500333BE9 /* CAA_CategoryTests.xctest */ = {isa = PBXFileReference; explicitFileType = wrapper.cfbundle; includeInIndex = 0; path = CAA_CategoryTests.xctest; sourceTree = BUILT_PRODUCTS_DIR; };
		30674C5E245ABB3500333BE9 /* CAA_CategoryTests.m */ = {isa = PBXFileReference; lastKnownFileType = sourcecode.c.objc; path = CAA_CategoryTests.m; sourceTree = "<group>"; };
		30674C60245ABB3500333BE9 /* Info.plist */ = {isa = PBXFileReference; lastKnownFileType = text.plist.xml; path = Info.plist; sourceTree = "<group>"; };
		30674C65245ABB3500333BE9 /* CAA_CategoryUITests.xctest */ = {isa = PBXFileReference; explicitFileType = wrapper.cfbundle; includeInIndex = 0; path = CAA_CategoryUITests.xctest; sourceTree = BUILT_PRODUCTS_DIR; };
		30674C69245ABB3500333BE9 /* CAA_CategoryUITests.m */ = {isa = PBXFileReference; lastKnownFileType = sourcecode.c.objc; path = CAA_CategoryUITests.m; sourceTree = "<group>"; };
		30674C6B245ABB3500333BE9 /* Info.plist */ = {isa = PBXFileReference; lastKnownFileType = text.plist.xml; path = Info.plist; sourceTree = "<group>"; };
		6A8D6E0FB9125FEBA7641693 /* Pods-CAA_Category.debug.xcconfig */ = {isa = PBXFileReference; includeInIndex = 1; lastKnownFileType = text.xcconfig; name = "Pods-CAA_Category.debug.xcconfig"; path = "Target Support Files/Pods-CAA_Category/Pods-CAA_Category.debug.xcconfig"; sourceTree = "<group>"; };
		77E20D6FB8ED836B3054A1B2 /* CAA_Category_Extension.podspec */ = {isa = PBXFileReference; explicitFileType = text.script.ruby; includeInIndex = 1; lastKnownFileType = text.script.ruby; name = CAA_Category_Extension.podspec; path = ../CAA_Category_Extension.podspec; sourceTree = "<group>"; };
		86C1A404CEA41385ED531012 /* Pods_CAA_Category.framework */ = {isa = PBXFileReference; explicitFileType = wrapper.framework; includeInIndex = 0; path = Pods_CAA_Category.framework; sourceTree = BUILT_PRODUCTS_DIR; };
		C70AD586FB9DB1FD13403F02 /* Pods-CAA_Category.release.xcconfig */ = {isa = PBXFileReference; includeInIndex = 1; lastKnownFileType = text.xcconfig; name = "Pods-CAA_Category.release.xcconfig"; path = "Target Support Files/Pods-CAA_Category/Pods-CAA_Category.release.xcconfig"; sourceTree = "<group>"; };
		F5D967399A7E95FDB7E00363 /* CAA_Category.podspec */ = {isa = PBXFileReference; explicitFileType = text.script.ruby; includeInIndex = 1; lastKnownFileType = text.script.ruby; name = CAA_Category.podspec; path = ../CAA_Category.podspec; sourceTree = "<group>"; };
/* End PBXFileReference section */

/* Begin PBXFrameworksBuildPhase section */
		30674C3C245ABB3400333BE9 /* Frameworks */ = {
			isa = PBXFrameworksBuildPhase;
			buildActionMask = 2147483647;
			files = (
				D42F4F421CEAA0BAFE4FCF74 /* Pods_CAA_Category.framework in Frameworks */,
			);
			runOnlyForDeploymentPostprocessing = 0;
		};
		30674C57245ABB3500333BE9 /* Frameworks */ = {
			isa = PBXFrameworksBuildPhase;
			buildActionMask = 2147483647;
			files = (
			);
			runOnlyForDeploymentPostprocessing = 0;
		};
		30674C62245ABB3500333BE9 /* Frameworks */ = {
			isa = PBXFrameworksBuildPhase;
			buildActionMask = 2147483647;
			files = (
			);
			runOnlyForDeploymentPostprocessing = 0;
		};
/* End PBXFrameworksBuildPhase section */

/* Begin PBXGroup section */
		30674C36245ABB3400333BE9 = {
			isa = PBXGroup;
			children = (
				30674C41245ABB3400333BE9 /* CAA_Category */,
				30674C5D245ABB3500333BE9 /* CAA_CategoryTests */,
				30674C68245ABB3500333BE9 /* CAA_CategoryUITests */,
				30674C40245ABB3400333BE9 /* Products */,
				CC05B61B763448140DC03D6B /* Pods */,
				5E382ADBB5ED893C051DF544 /* Frameworks */,
			);
			sourceTree = "<group>";
		};
		30674C40245ABB3400333BE9 /* Products */ = {
			isa = PBXGroup;
			children = (
				30674C3F245ABB3400333BE9 /* CAA_Category.app */,
				30674C5A245ABB3500333BE9 /* CAA_CategoryTests.xctest */,
				30674C65245ABB3500333BE9 /* CAA_CategoryUITests.xctest */,
			);
			name = Products;
			sourceTree = "<group>";
		};
		30674C41245ABB3400333BE9 /* CAA_Category */ = {
			isa = PBXGroup;
			children = (
				30674C42245ABB3400333BE9 /* AppDelegate.h */,
				30674C43245ABB3400333BE9 /* AppDelegate.m */,
				30674C45245ABB3400333BE9 /* SceneDelegate.h */,
				30674C46245ABB3400333BE9 /* SceneDelegate.m */,
				30674C48245ABB3400333BE9 /* ViewController.h */,
				30674C49245ABB3400333BE9 /* ViewController.m */,
				30674C4B245ABB3400333BE9 /* Main.storyboard */,
				30674C4E245ABB3500333BE9 /* Assets.xcassets */,
				30674C50245ABB3500333BE9 /* LaunchScreen.storyboard */,
				30674C53245ABB3500333BE9 /* Info.plist */,
				30674C54245ABB3500333BE9 /* main.m */,
				77E20D6FB8ED836B3054A1B2 /* CAA_Category_Extension.podspec */,
				F5D967399A7E95FDB7E00363 /* CAA_Category.podspec */,
			);
			path = CAA_Category;
			sourceTree = "<group>";
		};
		30674C5D245ABB3500333BE9 /* CAA_CategoryTests */ = {
			isa = PBXGroup;
			children = (
				30674C5E245ABB3500333BE9 /* CAA_CategoryTests.m */,
				30674C60245ABB3500333BE9 /* Info.plist */,
			);
			path = CAA_CategoryTests;
			sourceTree = "<group>";
		};
		30674C68245ABB3500333BE9 /* CAA_CategoryUITests */ = {
			isa = PBXGroup;
			children = (
				30674C69245ABB3500333BE9 /* CAA_CategoryUITests.m */,
				30674C6B245ABB3500333BE9 /* Info.plist */,
			);
			path = CAA_CategoryUITests;
			sourceTree = "<group>";
		};
		5E382ADBB5ED893C051DF544 /* Frameworks */ = {
			isa = PBXGroup;
			children = (
				86C1A404CEA41385ED531012 /* Pods_CAA_Category.framework */,
			);
			name = Frameworks;
			sourceTree = "<group>";
		};
		CC05B61B763448140DC03D6B /* Pods */ = {
			isa = PBXGroup;
			children = (
				6A8D6E0FB9125FEBA7641693 /* Pods-CAA_Category.debug.xcconfig */,
				C70AD586FB9DB1FD13403F02 /* Pods-CAA_Category.release.xcconfig */,
			);
			name = Pods;
			path = Pods;
			sourceTree = "<group>";
		};
/* End PBXGroup section */

/* Begin PBXNativeTarget section */
		30674C3E245ABB3400333BE9 /* CAA_Category */ = {
			isa = PBXNativeTarget;
			buildConfigurationList = 30674C6E245ABB3500333BE9 /* Build configuration list for PBXNativeTarget "CAA_Category" */;
			buildPhases = (
				1262E7823C9954B6EC699E79 /* [CP] Check Pods Manifest.lock */,
				30674C3B245ABB3400333BE9 /* Sources */,
				30674C3C245ABB3400333BE9 /* Frameworks */,
				30674C3D245ABB3400333BE9 /* Resources */,
				3A5E496655E4FDD5CD009494 /* [CP] Embed Pods Frameworks */,
			);
			buildRules = (
			);
			dependencies = (
			);
			name = CAA_Category;
			productName = CAA_Category;
			productReference = 30674C3F245ABB3400333BE9 /* CAA_Category.app */;
			productType = "com.apple.product-type.application";
		};
		30674C59245ABB3500333BE9 /* CAA_CategoryTests */ = {
			isa = PBXNativeTarget;
			buildConfigurationList = 30674C71245ABB3500333BE9 /* Build configuration list for PBXNativeTarget "CAA_CategoryTests" */;
			buildPhases = (
				30674C56245ABB3500333BE9 /* Sources */,
				30674C57245ABB3500333BE9 /* Frameworks */,
				30674C58245ABB3500333BE9 /* Resources */,
			);
			buildRules = (
			);
			dependencies = (
				30674C5C245ABB3500333BE9 /* PBXTargetDependency */,
			);
			name = CAA_CategoryTests;
			productName = CAA_CategoryTests;
			productReference = 30674C5A245ABB3500333BE9 /* CAA_CategoryTests.xctest */;
			productType = "com.apple.product-type.bundle.unit-test";
		};
		30674C64245ABB3500333BE9 /* CAA_CategoryUITests */ = {
			isa = PBXNativeTarget;
			buildConfigurationList = 30674C74245ABB3500333BE9 /* Build configuration list for PBXNativeTarget "CAA_CategoryUITests" */;
			buildPhases = (
				30674C61245ABB3500333BE9 /* Sources */,
				30674C62245ABB3500333BE9 /* Frameworks */,
				30674C63245ABB3500333BE9 /* Resources */,
			);
			buildRules = (
			);
			dependencies = (
				30674C67245ABB3500333BE9 /* PBXTargetDependency */,
			);
			name = CAA_CategoryUITests;
			productName = CAA_CategoryUITests;
			productReference = 30674C65245ABB3500333BE9 /* CAA_CategoryUITests.xctest */;
			productType = "com.apple.product-type.bundle.ui-testing";
		};
/* End PBXNativeTarget section */

/* Begin PBXProject section */
		30674C37245ABB3400333BE9 /* Project object */ = {
			isa = PBXProject;
			attributes = {
				LastUpgradeCheck = 1130;
				ORGANIZATIONNAME = imonkey;
				TargetAttributes = {
					30674C3E245ABB3400333BE9 = {
						CreatedOnToolsVersion = 11.3.1;
					};
					30674C59245ABB3500333BE9 = {
						CreatedOnToolsVersion = 11.3.1;
						TestTargetID = 30674C3E245ABB3400333BE9;
					};
					30674C64245ABB3500333BE9 = {
						CreatedOnToolsVersion = 11.3.1;
						TestTargetID = 30674C3E245ABB3400333BE9;
					};
				};
			};
			buildConfigurationList = 30674C3A245ABB3400333BE9 /* Build configuration list for PBXProject "CAA_Category" */;
			compatibilityVersion = "Xcode 9.3";
			developmentRegion = en;
			hasScannedForEncodings = 0;
			knownRegions = (
				en,
				Base,
			);
			mainGroup = 30674C36245ABB3400333BE9;
			productRefGroup = 30674C40245ABB3400333BE9 /* Products */;
			projectDirPath = "";
			projectRoot = "";
			targets = (
				30674C3E245ABB3400333BE9 /* CAA_Category */,
				30674C59245ABB3500333BE9 /* CAA_CategoryTests */,
				30674C64245ABB3500333BE9 /* CAA_CategoryUITests */,
			);
		};
/* End PBXProject section */

/* Begin PBXResourcesBuildPhase section */
		30674C3D245ABB3400333BE9 /* Resources */ = {
			isa = PBXResourcesBuildPhase;
			buildActionMask = 2147483647;
			files = (
				30674C52245ABB3500333BE9 /* LaunchScreen.storyboard in Resources */,
				30674C4F245ABB3500333BE9 /* Assets.xcassets in Resources */,
				30674C4D245ABB3400333BE9 /* Main.storyboard in Resources */,
			);
			runOnlyForDeploymentPostprocessing = 0;
		};
		30674C58245ABB3500333BE9 /* Resources */ = {
			isa = PBXResourcesBuildPhase;
			buildActionMask = 2147483647;
			files = (
			);
			runOnlyForDeploymentPostprocessing = 0;
		};
		30674C63245ABB3500333BE9 /* Resources */ = {
			isa = PBXResourcesBuildPhase;
			buildActionMask = 2147483647;
			files = (
			);
			runOnlyForDeploymentPostprocessing = 0;
		};
/* End PBXResourcesBuildPhase section */

/* Begin PBXShellScriptBuildPhase section */
		1262E7823C9954B6EC699E79 /* [CP] Check Pods Manifest.lock */ = {
			isa = PBXShellScriptBuildPhase;
			buildActionMask = 2147483647;
			files = (
			);
			inputFileListPaths = (
			);
			inputPaths = (
				"${PODS_PODFILE_DIR_PATH}/Podfile.lock",
				"${PODS_ROOT}/Manifest.lock",
			);
			name = "[CP] Check Pods Manifest.lock";
			outputFileListPaths = (
			);
			outputPaths = (
				"$(DERIVED_FILE_DIR)/Pods-CAA_Category-checkManifestLockResult.txt",
			);
			runOnlyForDeploymentPostprocessing = 0;
			shellPath = /bin/sh;
			shellScript = "diff \"${PODS_PODFILE_DIR_PATH}/Podfile.lock\" \"${PODS_ROOT}/Manifest.lock\" > /dev/null\nif [ $? != 0 ] ; then\n    # print error to STDERR\n    echo \"error: The sandbox is not in sync with the Podfile.lock. Run 'pod install' or update your CocoaPods installation.\" >&2\n    exit 1\nfi\n# This output is used by Xcode 'outputs' to avoid re-running this script phase.\necho \"SUCCESS\" > \"${SCRIPT_OUTPUT_FILE_0}\"\n";
			showEnvVarsInLog = 0;
		};
		3A5E496655E4FDD5CD009494 /* [CP] Embed Pods Frameworks */ = {
			isa = PBXShellScriptBuildPhase;
			buildActionMask = 2147483647;
			files = (
			);
			inputFileListPaths = (
				"${PODS_ROOT}/Target Support Files/Pods-CAA_Category/Pods-CAA_Category-frameworks-${CONFIGURATION}-input-files.xcfilelist",
			);
			name = "[CP] Embed Pods Frameworks";
			outputFileListPaths = (
				"${PODS_ROOT}/Target Support Files/Pods-CAA_Category/Pods-CAA_Category-frameworks-${CONFIGURATION}-output-files.xcfilelist",
			);
			runOnlyForDeploymentPostprocessing = 0;
			shellPath = /bin/sh;
			shellScript = "\"${PODS_ROOT}/Target Support Files/Pods-CAA_Category/Pods-CAA_Category-frameworks.sh\"\n";
			showEnvVarsInLog = 0;
		};
/* End PBXShellScriptBuildPhase section */

/* Begin PBXSourcesBuildPhase section */
		30674C3B245ABB3400333BE9 /* Sources */ = {
			isa = PBXSourcesBuildPhase;
			buildActionMask = 2147483647;
			files = (
				30674C4A245ABB3400333BE9 /* ViewController.m in Sources */,
				30674C44245ABB3400333BE9 /* AppDelegate.m in Sources */,
				30674C55245ABB3500333BE9 /* main.m in Sources */,
				30674C47245ABB3400333BE9 /* SceneDelegate.m in Sources */,
			);
			runOnlyForDeploymentPostprocessing = 0;
		};
		30674C56245ABB3500333BE9 /* Sources */ = {
			isa = PBXSourcesBuildPhase;
			buildActionMask = 2147483647;
			files = (
				30674C5F245ABB3500333BE9 /* CAA_CategoryTests.m in Sources */,
			);
			runOnlyForDeploymentPostprocessing = 0;
		};
		30674C61245ABB3500333BE9 /* Sources */ = {
			isa = PBXSourcesBuildPhase;
			buildActionMask = 2147483647;
			files = (
				30674C6A245ABB3500333BE9 /* CAA_CategoryUITests.m in Sources */,
			);
			runOnlyForDeploymentPostprocessing = 0;
		};
/* End PBXSourcesBuildPhase section */

/* Begin PBXTargetDependency section */
		30674C5C245ABB3500333BE9 /* PBXTargetDependency */ = {
			isa = PBXTargetDependency;
			target = 30674C3E245ABB3400333BE9 /* CAA_Category */;
			targetProxy = 30674C5B245ABB3500333BE9 /* PBXContainerItemProxy */;
		};
		30674C67245ABB3500333BE9 /* PBXTargetDependency */ = {
			isa = PBXTargetDependency;
			target = 30674C3E245ABB3400333BE9 /* CAA_Category */;
			targetProxy = 30674C66245ABB3500333BE9 /* PBXContainerItemProxy */;
		};
/* End PBXTargetDependency section */

/* Begin PBXVariantGroup section */
		30674C4B245ABB3400333BE9 /* Main.storyboard */ = {
			isa = PBXVariantGroup;
			children = (
				30674C4C245ABB3400333BE9 /* Base */,
			);
			name = Main.storyboard;
			sourceTree = "<group>";
		};
		30674C50245ABB3500333BE9 /* LaunchScreen.storyboard */ = {
			isa = PBXVariantGroup;
			children = (
				30674C51245ABB3500333BE9 /* Base */,
			);
			name = LaunchScreen.storyboard;
			sourceTree = "<group>";
		};
/* End PBXVariantGroup section */

/* Begin XCBuildConfiguration section */
		30674C6C245ABB3500333BE9 /* Debug */ = {
			isa = XCBuildConfiguration;
			buildSettings = {
				ALWAYS_SEARCH_USER_PATHS = NO;
				CLANG_ANALYZER_NONNULL = YES;
				CLANG_ANALYZER_NUMBER_OBJECT_CONVERSION = YES_AGGRESSIVE;
				CLANG_CXX_LANGUAGE_STANDARD = "gnu++14";
				CLANG_CXX_LIBRARY = "libc++";
				CLANG_ENABLE_MODULES = YES;
				CLANG_ENABLE_OBJC_ARC = YES;
				CLANG_ENABLE_OBJC_WEAK = YES;
				CLANG_WARN_BLOCK_CAPTURE_AUTORELEASING = YES;
				CLANG_WARN_BOOL_CONVERSION = YES;
				CLANG_WARN_COMMA = YES;
				CLANG_WARN_CONSTANT_CONVERSION = YES;
				CLANG_WARN_DEPRECATED_OBJC_IMPLEMENTATIONS = YES;
				CLANG_WARN_DIRECT_OBJC_ISA_USAGE = YES_ERROR;
				CLANG_WARN_DOCUMENTATION_COMMENTS = YES;
				CLANG_WARN_EMPTY_BODY = YES;
				CLANG_WARN_ENUM_CONVERSION = YES;
				CLANG_WARN_INFINITE_RECURSION = YES;
				CLANG_WARN_INT_CONVERSION = YES;
				CLANG_WARN_NON_LITERAL_NULL_CONVERSION = YES;
				CLANG_WARN_OBJC_IMPLICIT_RETAIN_SELF = YES;
				CLANG_WARN_OBJC_LITERAL_CONVERSION = YES;
				CLANG_WARN_OBJC_ROOT_CLASS = YES_ERROR;
				CLANG_WARN_RANGE_LOOP_ANALYSIS = YES;
				CLANG_WARN_STRICT_PROTOTYPES = YES;
				CLANG_WARN_SUSPICIOUS_MOVE = YES;
				CLANG_WARN_UNGUARDED_AVAILABILITY = YES_AGGRESSIVE;
				CLANG_WARN_UNREACHABLE_CODE = YES;
				CLANG_WARN__DUPLICATE_METHOD_MATCH = YES;
				COPY_PHASE_STRIP = NO;
				DEBUG_INFORMATION_FORMAT = dwarf;
				ENABLE_STRICT_OBJC_MSGSEND = YES;
				ENABLE_TESTABILITY = YES;
				GCC_C_LANGUAGE_STANDARD = gnu11;
				GCC_DYNAMIC_NO_PIC = NO;
				GCC_NO_COMMON_BLOCKS = YES;
				GCC_OPTIMIZATION_LEVEL = 0;
				GCC_PREPROCESSOR_DEFINITIONS = (
					"DEBUG=1",
					"$(inherited)",
				);
				GCC_WARN_64_TO_32_BIT_CONVERSION = YES;
				GCC_WARN_ABOUT_RETURN_TYPE = YES_ERROR;
				GCC_WARN_UNDECLARED_SELECTOR = YES;
				GCC_WARN_UNINITIALIZED_AUTOS = YES_AGGRESSIVE;
				GCC_WARN_UNUSED_FUNCTION = YES;
				GCC_WARN_UNUSED_VARIABLE = YES;
				IPHONEOS_DEPLOYMENT_TARGET = 13.2;
				MTL_ENABLE_DEBUG_INFO = INCLUDE_SOURCE;
				MTL_FAST_MATH = YES;
				ONLY_ACTIVE_ARCH = YES;
				SDKROOT = iphoneos;
			};
			name = Debug;
		};
		30674C6D245ABB3500333BE9 /* Release */ = {
			isa = XCBuildConfiguration;
			buildSettings = {
				ALWAYS_SEARCH_USER_PATHS = NO;
				CLANG_ANALYZER_NONNULL = YES;
				CLANG_ANALYZER_NUMBER_OBJECT_CONVERSION = YES_AGGRESSIVE;
				CLANG_CXX_LANGUAGE_STANDARD = "gnu++14";
				CLANG_CXX_LIBRARY = "libc++";
				CLANG_ENABLE_MODULES = YES;
				CLANG_ENABLE_OBJC_ARC = YES;
				CLANG_ENABLE_OBJC_WEAK = YES;
				CLANG_WARN_BLOCK_CAPTURE_AUTORELEASING = YES;
				CLANG_WARN_BOOL_CONVERSION = YES;
				CLANG_WARN_COMMA = YES;
				CLANG_WARN_CONSTANT_CONVERSION = YES;
				CLANG_WARN_DEPRECATED_OBJC_IMPLEMENTATIONS = YES;
				CLANG_WARN_DIRECT_OBJC_ISA_USAGE = YES_ERROR;
				CLANG_WARN_DOCUMENTATION_COMMENTS = YES;
				CLANG_WARN_EMPTY_BODY = YES;
				CLANG_WARN_ENUM_CONVERSION = YES;
				CLANG_WARN_INFINITE_RECURSION = YES;
				CLANG_WARN_INT_CONVERSION = YES;
				CLANG_WARN_NON_LITERAL_NULL_CONVERSION = YES;
				CLANG_WARN_OBJC_IMPLICIT_RETAIN_SELF = YES;
				CLANG_WARN_OBJC_LITERAL_CONVERSION = YES;
				CLANG_WARN_OBJC_ROOT_CLASS = YES_ERROR;
				CLANG_WARN_RANGE_LOOP_ANALYSIS = YES;
				CLANG_WARN_STRICT_PROTOTYPES = YES;
				CLANG_WARN_SUSPICIOUS_MOVE = YES;
				CLANG_WARN_UNGUARDED_AVAILABILITY = YES_AGGRESSIVE;
				CLANG_WARN_UNREACHABLE_CODE = YES;
				CLANG_WARN__DUPLICATE_METHOD_MATCH = YES;
				COPY_PHASE_STRIP = NO;
				DEBUG_INFORMATION_FORMAT = "dwarf-with-dsym";
				ENABLE_NS_ASSERTIONS = NO;
				ENABLE_STRICT_OBJC_MSGSEND = YES;
				GCC_C_LANGUAGE_STANDARD = gnu11;
				GCC_NO_COMMON_BLOCKS = YES;
				GCC_WARN_64_TO_32_BIT_CONVERSION = YES;
				GCC_WARN_ABOUT_RETURN_TYPE = YES_ERROR;
				GCC_WARN_UNDECLARED_SELECTOR = YES;
				GCC_WARN_UNINITIALIZED_AUTOS = YES_AGGRESSIVE;
				GCC_WARN_UNUSED_FUNCTION = YES;
				GCC_WARN_UNUSED_VARIABLE = YES;
				IPHONEOS_DEPLOYMENT_TARGET = 13.2;
				MTL_ENABLE_DEBUG_INFO = NO;
				MTL_FAST_MATH = YES;
				SDKROOT = iphoneos;
				VALIDATE_PRODUCT = YES;
			};
			name = Release;
		};
		30674C6F245ABB3500333BE9 /* Debug */ = {
			isa = XCBuildConfiguration;
			baseConfigurationReference = 6A8D6E0FB9125FEBA7641693 /* Pods-CAA_Category.debug.xcconfig */;
			buildSettings = {
				ASSETCATALOG_COMPILER_APPICON_NAME = AppIcon;
				CODE_SIGN_STYLE = Automatic;
				DEVELOPMENT_TEAM = AVVZXXY53B;
				INFOPLIST_FILE = CAA_Category/Info.plist;
				LD_RUNPATH_SEARCH_PATHS = (
					"$(inherited)",
					"@executable_path/Frameworks",
				);
				PRODUCT_BUNDLE_IDENTIFIER = "com.calar.CAA-Category";
				PRODUCT_NAME = "$(TARGET_NAME)";
				TARGETED_DEVICE_FAMILY = "1,2";
			};
			name = Debug;
		};
		30674C70245ABB3500333BE9 /* Release */ = {
			isa = XCBuildConfiguration;
			baseConfigurationReference = C70AD586FB9DB1FD13403F02 /* Pods-CAA_Category.release.xcconfig */;
			buildSettings = {
				ASSETCATALOG_COMPILER_APPICON_NAME = AppIcon;
				CODE_SIGN_STYLE = Automatic;
				DEVELOPMENT_TEAM = AVVZXXY53B;
				INFOPLIST_FILE = CAA_Category/Info.plist;
				LD_RUNPATH_SEARCH_PATHS = (
					"$(inherited)",
					"@executable_path/Frameworks",
				);
				PRODUCT_BUNDLE_IDENTIFIER = "com.calar.CAA-Category";
				PRODUCT_NAME = "$(TARGET_NAME)";
				TARGETED_DEVICE_FAMILY = "1,2";
			};
			name = Release;
		};
		30674C72245ABB3500333BE9 /* Debug */ = {
			isa = XCBuildConfiguration;
			buildSettings = {
				BUNDLE_LOADER = "$(TEST_HOST)";
				CODE_SIGN_STYLE = Automatic;
				DEVELOPMENT_TEAM = AVVZXXY53B;
				INFOPLIST_FILE = CAA_CategoryTests/Info.plist;
				IPHONEOS_DEPLOYMENT_TARGET = 13.2;
				LD_RUNPATH_SEARCH_PATHS = (
					"$(inherited)",
					"@executable_path/Frameworks",
					"@loader_path/Frameworks",
				);
				PRODUCT_BUNDLE_IDENTIFIER = "com.calar.CAA-CategoryTests";
				PRODUCT_NAME = "$(TARGET_NAME)";
				TARGETED_DEVICE_FAMILY = "1,2";
				TEST_HOST = "$(BUILT_PRODUCTS_DIR)/CAA_Category.app/CAA_Category";
			};
			name = Debug;
		};
		30674C73245ABB3500333BE9 /* Release */ = {
			isa = XCBuildConfiguration;
			buildSettings = {
				BUNDLE_LOADER = "$(TEST_HOST)";
				CODE_SIGN_STYLE = Automatic;
				DEVELOPMENT_TEAM = AVVZXXY53B;
				INFOPLIST_FILE = CAA_CategoryTests/Info.plist;
				IPHONEOS_DEPLOYMENT_TARGET = 13.2;
				LD_RUNPATH_SEARCH_PATHS = (
					"$(inherited)",
					"@executable_path/Frameworks",
					"@loader_path/Frameworks",
				);
				PRODUCT_BUNDLE_IDENTIFIER = "com.calar.CAA-CategoryTests";
				PRODUCT_NAME = "$(TARGET_NAME)";
				TARGETED_DEVICE_FAMILY = "1,2";
				TEST_HOST = "$(BUILT_PRODUCTS_DIR)/CAA_Category.app/CAA_Category";
			};
			name = Release;
		};
		30674C75245ABB3500333BE9 /* Debug */ = {
			isa = XCBuildConfiguration;
			buildSettings = {
				CODE_SIGN_STYLE = Automatic;
				DEVELOPMENT_TEAM = AVVZXXY53B;
				INFOPLIST_FILE = CAA_CategoryUITests/Info.plist;
				LD_RUNPATH_SEARCH_PATHS = (
					"$(inherited)",
					"@executable_path/Frameworks",
					"@loader_path/Frameworks",
				);
				PRODUCT_BUNDLE_IDENTIFIER = "com.calar.CAA-CategoryUITests";
				PRODUCT_NAME = "$(TARGET_NAME)";
				TARGETED_DEVICE_FAMILY = "1,2";
				TEST_TARGET_NAME = CAA_Category;
			};
			name = Debug;
		};
		30674C76245ABB3500333BE9 /* Release */ = {
			isa = XCBuildConfiguration;
			buildSettings = {
				CODE_SIGN_STYLE = Automatic;
				DEVELOPMENT_TEAM = AVVZXXY53B;
				INFOPLIST_FILE = CAA_CategoryUITests/Info.plist;
				LD_RUNPATH_SEARCH_PATHS = (
					"$(inherited)",
					"@executable_path/Frameworks",
					"@loader_path/Frameworks",
				);
				PRODUCT_BUNDLE_IDENTIFIER = "com.calar.CAA-CategoryUITests";
				PRODUCT_NAME = "$(TARGET_NAME)";
				TARGETED_DEVICE_FAMILY = "1,2";
				TEST_TARGET_NAME = CAA_Category;
			};
			name = Release;
		};
/* End XCBuildConfiguration section */

/* Begin XCConfigurationList section */
		30674C3A245ABB3400333BE9 /* Build configuration list for PBXProject "CAA_Category" */ = {
			isa = XCConfigurationList;
			buildConfigurations = (
				30674C6C245ABB3500333BE9 /* Debug */,
				30674C6D245ABB3500333BE9 /* Release */,
			);
			defaultConfigurationIsVisible = 0;
			defaultConfigurationName = Release;
		};
		30674C6E245ABB3500333BE9 /* Build configuration list for PBXNativeTarget "CAA_Category" */ = {
			isa = XCConfigurationList;
			buildConfigurations = (
				30674C6F245ABB3500333BE9 /* Debug */,
				30674C70245ABB3500333BE9 /* Release */,
			);
			defaultConfigurationIsVisible = 0;
			defaultConfigurationName = Release;
		};
		30674C71245ABB3500333BE9 /* Build configuration list for PBXNativeTarget "CAA_CategoryTests" */ = {
			isa = XCConfigurationList;
			buildConfigurations = (
				30674C72245ABB3500333BE9 /* Debug */,
				30674C73245ABB3500333BE9 /* Release */,
			);
			defaultConfigurationIsVisible = 0;
			defaultConfigurationName = Release;
		};
		30674C74245ABB3500333BE9 /* Build configuration list for PBXNativeTarget "CAA_CategoryUITests" */ = {
			isa = XCConfigurationList;
			buildConfigurations = (
				30674C75245ABB3500333BE9 /* Debug */,
				30674C76245ABB3500333BE9 /* Release */,
			);
			defaultConfigurationIsVisible = 0;
			defaultConfigurationName = Release;
		};
/* End XCConfigurationList section */
	};
	rootObject = 30674C37245ABB3400333BE9 /* Project object */;
}
